
Microsoft Visual Studio Solution File, Format Version 12.00
# Visual Studio 2012
Project("{FAE04EC0-301F-11D3-BF4B-00C04F79EFBC}") = "4-9 grid", "4-9 grid\4-9 grid.csproj", "{CD4FF8A8-573F-406B-928D-DE5B30FB3696}"
EndProject
Global
	GlobalSection(SolutionConfigurationPlatforms) = preSolution
		Debug|Any CPU = Debug|Any CPU
		Release|Any CPU = Release|Any CPU
	EndGlobalSection
	GlobalSection(ProjectConfigurationPlatforms) = postSolution
		{CD4FF8A8-573F-406B-928D-DE5B30FB3696}.Debug|Any CPU.ActiveCfg = Debug|Any CPU
		{CD4FF8A8-573F-406B-928D-DE5B30FB3696}.Debug|Any CPU.Build.0 = Debug|Any CPU
		{CD4FF8A8-573F-406B-928D-DE5B30FB3696}.Release|Any CPU.ActiveCfg = Release|Any CPU
		{CD4FF8A8-573F-406B-928D-DE5B30FB3696}.Release|Any CPU.Build.0 = Release|Any CPU
	EndGlobalSection
	GlobalSection(SolutionProperties) = preSolution
		HideSolutionNode = FALSE
	EndGlobalSection
EndGlobal
